{
  "packages": {
    "express": { "version": "4.22.1", "deps": ["accepts", "array-flatten", "body-parser", "content-disposition", "content-type", "cookie", "cookie-signature", "debug", "depd", "encodeurl", "escape-html", "etag", "finalhandler", "fresh", "http-errors", "merge-descriptors", "methods", "on-finished", "parseurl", "path-to-regexp", "proxy-addr", "qs", "range-parser", "safe-buffer", "send", "serve-static", "setprototypeof", "statuses", "type-is", "utils-merge", "vary"] },
    "preact": { "version": "10.28.4", "deps": [] },
    "react": { "version": "19.2.4", "deps": [] },
    "lodash": { "version": "4.17.23", "deps": [] },
    "left-pad": { "version": "1.3.0", "deps": [] },
    "uuid": { "version": "13.0.0", "deps": [] },
    "chalk": { "version": "5.6.2", "deps": [] },
    "yargs": { "version": "18.0.0", "deps": ["cliui", "escalade", "get-caller-file", "string-width", "y18n", "yargs-parser"] },
    "accepts": { "version": "1.3.8", "deps": ["mime-types", "negotiator"] },
    "array-flatten": { "version": "1.1.1", "deps": [] },
    "body-parser": { "version": "1.20.4", "deps": ["bytes", "content-type", "debug", "depd", "destroy", "http-errors", "iconv-lite", "on-finished", "qs", "raw-body", "type-is", "unpipe"] },
    "content-disposition": { "version": "0.5.4", "deps": ["safe-buffer"] },
    "content-type": { "version": "1.0.5", "deps": [] },
    "cookie": { "version": "0.7.2", "deps": [] },
    "cookie-signature": { "version": "1.0.7", "deps": [] },
    "debug": { "version": "2.6.9", "deps": ["ms"] },
    "depd": { "version": "2.0.0", "deps": [] },
    "encodeurl": { "version": "2.0.0", "deps": [] },
    "escape-html": { "version": "1.0.3", "deps": [] },
    "etag": { "version": "1.8.1", "deps": [] },
    "finalhandler": { "version": "1.3.2", "deps": ["debug", "encodeurl", "escape-html", "on-finished", "parseurl", "statuses", "unpipe"] },
    "fresh": { "version": "0.5.2", "deps": [] },
    "http-errors": { "version": "2.0.1", "deps": ["depd", "inherits", "setprototypeof", "statuses", "toidentifier"] },
    "merge-descriptors": { "version": "1.0.3", "deps": [] },
    "methods": { "version": "1.1.2", "deps": [] },
    "on-finished": { "version": "2.4.1", "deps": ["ee-first"] },
    "parseurl": { "version": "1.3.3", "deps": [] },
    "path-to-regexp": { "version": "0.1.12", "deps": [] },
    "proxy-addr": { "version": "2.0.7", "deps": ["forwarded", "ipaddr.js"] },
    "qs": { "version": "6.14.2", "deps": ["side-channel"] },
    "range-parser": { "version": "1.2.1", "deps": [] },
    "safe-buffer": { "version": "5.2.1", "deps": [] },
    "send": { "version": "0.19.2", "deps": ["debug", "depd", "destroy", "encodeurl", "escape-html", "etag", "fresh", "http-errors", "mime", "ms", "on-finished", "range-parser", "statuses"] },
    "serve-static": { "version": "1.16.3", "deps": ["encodeurl", "escape-html", "parseurl", "send"] },
    "setprototypeof": { "version": "1.2.0", "deps": [] },
    "statuses": { "version": "2.0.2", "deps": [] },
    "type-is": { "version": "1.6.18", "deps": ["media-typer", "mime-types"] },
    "utils-merge": { "version": "1.0.1", "deps": [] },
    "vary": { "version": "1.1.2", "deps": [] },
    "cliui": { "version": "9.0.1", "deps": ["string-width", "strip-ansi", "wrap-ansi"] },
    "escalade": { "version": "3.2.0", "deps": [] },
    "get-caller-file": { "version": "2.0.5", "deps": [] },
    "string-width": { "version": "7.2.0", "deps": ["emoji-regex", "get-east-asian-width", "strip-ansi"] },
    "y18n": { "version": "5.0.8", "deps": [] },
    "yargs-parser": { "version": "22.0.0", "deps": [] },
    "mime-types": { "version": "2.1.35", "deps": ["mime-db"] },
    "negotiator": { "version": "0.6.3", "deps": [] },
    "bytes": { "version": "3.1.2", "deps": [] },
    "destroy": { "version": "1.2.0", "deps": [] },
    "iconv-lite": { "version": "0.4.24", "deps": ["safer-buffer"] },
    "raw-body": { "version": "2.5.3", "deps": ["bytes", "http-errors", "iconv-lite", "unpipe"] },
    "unpipe": { "version": "1.0.0", "deps": [] },
    "ms": { "version": "2.0.0", "deps": [] },
    "inherits": { "version": "2.0.4", "deps": [] },
    "toidentifier": { "version": "1.0.1", "deps": [] },
    "ee-first": { "version": "1.1.1", "deps": [] },
    "forwarded": { "version": "0.2.0", "deps": [] },
    "ipaddr.js": { "version": "1.9.1", "deps": [] },
    "side-channel": { "version": "1.1.0", "deps": ["es-errors", "object-inspect", "side-channel-list", "side-channel-map", "side-channel-weakmap"] },
    "mime": { "version": "1.6.0", "deps": [] },
    "media-typer": { "version": "0.3.0", "deps": [] },
    "strip-ansi": { "version": "7.2.0", "deps": ["ansi-regex"] },
    "wrap-ansi": { "version": "9.0.2", "deps": ["ansi-styles", "string-width", "strip-ansi"] },
    "emoji-regex": { "version": "10.6.0", "deps": [] },
    "get-east-asian-width": { "version": "1.5.0", "deps": [] },
    "mime-db": { "version": "1.52.0", "deps": [] },
    "safer-buffer": { "version": "2.1.2", "deps": [] },
    "es-errors": { "version": "1.3.0", "deps": [] },
    "object-inspect": { "version": "1.13.4", "deps": [] },
    "side-channel-list": { "version": "1.0.0", "deps": ["es-errors", "object-inspect"] },
    "side-channel-map": { "version": "1.0.1", "deps": ["call-bound", "es-errors", "get-intrinsic", "object-inspect"] },
    "side-channel-weakmap": { "version": "1.0.2", "deps": ["call-bound", "es-errors", "get-intrinsic", "object-inspect", "side-channel-map"] },
    "ansi-regex": { "version": "6.2.2", "deps": [] },
    "ansi-styles": { "version": "6.2.3", "deps": [] },
    "call-bound": { "version": "1.0.4", "deps": ["call-bind-apply-helpers", "get-intrinsic"] },
    "get-intrinsic": { "version": "1.3.1", "deps": ["async-function", "async-generator-function", "call-bind-apply-helpers", "es-define-property", "es-errors", "es-object-atoms", "function-bind", "generator-function", "get-proto", "gopd", "has-symbols", "hasown", "math-intrinsics"] },
    "call-bind-apply-helpers": { "version": "1.0.2", "deps": ["es-errors", "function-bind"] },
    "async-function": { "version": "1.0.0", "deps": [] },
    "async-generator-function": { "version": "1.0.0", "deps": [] },
    "es-define-property": { "version": "1.0.1", "deps": [] },
    "es-object-atoms": { "version": "1.1.1", "deps": ["es-errors"] },
    "function-bind": { "version": "1.1.2", "deps": [] },
    "generator-function": { "version": "2.0.1", "deps": [] },
    "get-proto": { "version": "1.0.1", "deps": ["dunder-proto", "es-object-atoms"] },
    "gopd": { "version": "1.2.0", "deps": [] },
    "has-symbols": { "version": "1.1.0", "deps": [] },
    "hasown": { "version": "2.0.2", "deps": ["function-bind"] },
    "math-intrinsics": { "version": "1.1.0", "deps": [] },
    "dunder-proto": { "version": "1.0.1", "deps": ["call-bind-apply-helpers", "es-errors", "gopd"] }
  }
}
